
Microsoft Visual Studio Solution File, Format Version 12.00
# Visual Studio 15
VisualStudioVersion = 15.0.28307.2092
MinimumVisualStudioVersion = 10.0.40219.1
Project("{FAE04EC0-301F-11D3-BF4B-00C04F79EFBC}") = "MusicPlayerApp", "MusicPlayerApp\MusicPlayerApp.csproj", "{E9B96E0E-999F-4BAD-9696-5F1553144E9E}"
EndProject
Global
	GlobalSection(SolutionConfigurationPlatforms) = preSolution
		Debug|Any CPU = Debug|Any CPU
		Release|Any CPU = Release|Any CPU
	EndGlobalSection
	GlobalSection(ProjectConfigurationPlatforms) = postSolution
		{E9B96E0E-999F-4BAD-9696-5F1553144E9E}.Debug|Any CPU.ActiveCfg = Debug|Any CPU
		{E9B96E0E-999F-4BAD-9696-5F1553144E9E}.Debug|Any CPU.Build.0 = Debug|Any CPU
		{E9B96E0E-999F-4BAD-9696-5F1553144E9E}.Release|Any CPU.ActiveCfg = Release|Any CPU
		{E9B96E0E-999F-4BAD-9696-5F1553144E9E}.Release|Any CPU.Build.0 = Release|Any CPU
	EndGlobalSection
	GlobalSection(SolutionProperties) = preSolution
		HideSolutionNode = FALSE
	EndGlobalSection
	GlobalSection(ExtensibilityGlobals) = postSolution
		SolutionGuid = {EB112F70-3A75-413C-A702-5F0197B3DBA6}
	EndGlobalSection
EndGlobal
